
Microsoft Visual Studio Solution File, Format Version 12.00
# Visual Studio 15
VisualStudioVersion = 15.0.28307.1209
MinimumVisualStudioVersion = 10.0.40219.1
Project("{8BC9CEB8-8B4A-11D0-8D11-00A0C91BC942}") = "for_competitive_programming", "for_competitive_programming.vcxproj", "{1A7859F3-980A-4275-AD37-A0F75EA68E8D}"
EndProject
Global
	GlobalSection(SolutionConfigurationPlatforms) = preSolution
		Debug|x64 = Debug|x64
		Debug|x86 = Debug|x86
		Release|x64 = Release|x64
		Release|x86 = Release|x86
	EndGlobalSection
	GlobalSection(ProjectConfigurationPlatforms) = postSolution
		{1A7859F3-980A-4275-AD37-A0F75EA68E8D}.Debug|x64.ActiveCfg = Debug|x64
		{1A7859F3-980A-4275-AD37-A0F75EA68E8D}.Debug|x64.Build.0 = Debug|x64
		{1A7859F3-980A-4275-AD37-A0F75EA68E8D}.Debug|x86.ActiveCfg = Debug|x64
		{1A7859F3-980A-4275-AD37-A0F75EA68E8D}.Release|x64.ActiveCfg = Debug|x64
		{1A7859F3-980A-4275-AD37-A0F75EA68E8D}.Release|x64.Build.0 = Debug|x64
		{1A7859F3-980A-4275-AD37-A0F75EA68E8D}.Release|x86.ActiveCfg = Release|x64
	EndGlobalSection
	GlobalSection(SolutionProperties) = preSolution
		HideSolutionNode = FALSE
	EndGlobalSection
	GlobalSection(ExtensibilityGlobals) = postSolution
		SolutionGuid = {26F5298D-43AC-4A37-905A-D9CF6699C635}
	EndGlobalSection
EndGlobal
